// !$*UTF8*$!
{
	archiveVersion = 1;
	classes = {
	};
	objectVersion = 48;
	objects = {

/* Begin PBXBuildFile section */
		BF0C35961F5C106E00492B8D /* AppDelegate.swift in Sources */ = {isa = PBXBuildFile; fileRef = BF0C35951F5C106E00492B8D /* AppDelegate.swift */; };
		BF0C35981F5C106E00492B8D /* ViewController.swift in Sources */ = {isa = PBXBuildFile; fileRef = BF0C35971F5C106E00492B8D /* ViewController.swift */; };
		BF0C359B1F5C106E00492B8D /* Main.storyboard in Resources */ = {isa = PBXBuildFile; fileRef = BF0C35991F5C106E00492B8D /* Main.storyboard */; };
		BF0C359D1F5C106E00492B8D /* Assets.xcassets in Resources */ = {isa = PBXBuildFile; fileRef = BF0C359C1F5C106E00492B8D /* Assets.xcassets */; };
		BF0C35A01F5C106E00492B8D /* LaunchScreen.storyboard in Resources */ = {isa = PBXBuildFile; fileRef = BF0C359E1F5C106E00492B8D /* LaunchScreen.storyboard */; };
/* End PBXBuildFile section */

/* Begin PBXFileReference section */
		BF0C35921F5C106E00492B8D /* SideMenu_and_foldcell.app */ = {isa = PBXFileReference; explicitFileType = wrapper.application; includeInIndex = 0; path = SideMenu_and_foldcell.app; sourceTree = BUILT_PRODUCTS_DIR; };
		BF0C35951F5C106E00492B8D /* AppDelegate.swift */ = {isa = PBXFileReference; lastKnownFileType = sourcecode.swift; path = AppDelegate.swift; sourceTree = "<group>"; };
		BF0C35971F5C106E00492B8D /* ViewController.swift */ = {isa = PBXFileReference; lastKnownFileType = sourcecode.swift; path = ViewController.swift; sourceTree = "<group>"; };
		BF0C359A1F5C106E00492B8D /* Base */ = {isa = PBXFileReference; lastKnownFileType = file.storyboard; name = Base; path = Base.lproj/Main.storyboard; sourceTree = "<group>"; };
		BF0C359C1F5C106E00492B8D /* Assets.xcassets */ = {isa = PBXFileReference; lastKnownFileType = folder.assetcatalog; path = Assets.xcassets; sourceTree = "<group>"; };
		BF0C359F1F5C106E00492B8D /* Base */ = {isa = PBXFileReference; lastKnownFileType = file.storyboard; name = Base; path = Base.lproj/LaunchScreen.storyboard; sourceTree = "<group>"; };
		BF0C35A11F5C106E00492B8D /* Info.plist */ = {isa = PBXFileReference; lastKnownFileType = text.plist.xml; path = Info.plist; sourceTree = "<group>"; };
/* End PBXFileReference section */

/* Begin PBXFrameworksBuildPhase section */
		BF0C358F1F5C106E00492B8D /* Frameworks */ = {
			isa = PBXFrameworksBuildPhase;
			buildActionMask = 2147483647;
			files = (
			);
			runOnlyForDeploymentPostprocessing = 0;
		};
/* End PBXFrameworksBuildPhase section */

/* Begin PBXGroup section */
		BF0C35891F5C106E00492B8D = {
			isa = PBXGroup;
			children = (
				BF0C35941F5C106E00492B8D /* SideMenu_and_foldcell */,
				BF0C35931F5C106E00492B8D /* Products */,
			);
			sourceTree = "<group>";
		};
		BF0C35931F5C106E00492B8D /* Products */ = {
			isa = PBXGroup;
			children = (
				BF0C35921F5C106E00492B8D /* SideMenu_and_foldcell.app */,
			);
			name = Products;
			sourceTree = "<group>";
		};
		BF0C35941F5C106E00492B8D /* SideMenu_and_foldcell */ = {
			isa = PBXGroup;
			children = (
				BF0C35951F5C106E00492B8D /* AppDelegate.swift */,
				BF0C35971F5C106E00492B8D /* ViewController.swift */,
				BF0C35991F5C106E00492B8D /* Main.storyboard */,
				BF0C359C1F5C106E00492B8D /* Assets.xcassets */,
				BF0C359E1F5C106E00492B8D /* LaunchScreen.storyboard */,
				BF0C35A11F5C106E00492B8D /* Info.plist */,
			);
			path = SideMenu_and_foldcell;
			sourceTree = "<group>";
		};
/* End PBXGroup section */

/* Begin PBXNativeTarget section */
		BF0C35911F5C106E00492B8D /* SideMenu_and_foldcell */ = {
			isa = PBXNativeTarget;
			buildConfigurationList = BF0C35A41F5C106E00492B8D /* Build configuration list for PBXNativeTarget "SideMenu_and_foldcell" */;
			buildPhases = (
				BF0C358E1F5C106E00492B8D /* Sources */,
				BF0C358F1F5C106E00492B8D /* Frameworks */,
				BF0C35901F5C106E00492B8D /* Resources */,
			);
			buildRules = (
			);
			dependencies = (
			);
			name = SideMenu_and_foldcell;
			productName = SideMenu_and_foldcell;
			productReference = BF0C35921F5C106E00492B8D /* SideMenu_and_foldcell.app */;
			productType = "com.apple.product-type.application";
		};
/* End PBXNativeTarget section */

/* Begin PBXProject section */
		BF0C358A1F5C106E00492B8D /* Project object */ = {
			isa = PBXProject;
			attributes = {
				LastSwiftUpdateCheck = 0900;
				LastUpgradeCheck = 0900;
				ORGANIZATIONNAME = "鈴木慶汰";
				TargetAttributes = {
					BF0C35911F5C106E00492B8D = {
						CreatedOnToolsVersion = 9.0;
						ProvisioningStyle = Automatic;
					};
				};
			};
			buildConfigurationList = BF0C358D1F5C106E00492B8D /* Build configuration list for PBXProject "SideMenu_and_foldcell" */;
			compatibilityVersion = "Xcode 8.0";
			developmentRegion = en;
			hasScannedForEncodings = 0;
			knownRegions = (
				en,
				Base,
			);
			mainGroup = BF0C35891F5C106E00492B8D;
			productRefGroup = BF0C35931F5C106E00492B8D /* Products */;
			projectDirPath = "";
			projectRoot = "";
			targets = (
				BF0C35911F5C106E00492B8D /* SideMenu_and_foldcell */,
			);
		};
/* End PBXProject section */

/* Begin PBXResourcesBuildPhase section */
		BF0C35901F5C106E00492B8D /* Resources */ = {
			isa = PBXResourcesBuildPhase;
			buildActionMask = 2147483647;
			files = (
				BF0C35A01F5C106E00492B8D /* LaunchScreen.storyboard in Resources */,
				BF0C359D1F5C106E00492B8D /* Assets.xcassets in Resources */,
				BF0C359B1F5C106E00492B8D /* Main.storyboard in Resources */,
			);
			runOnlyForDeploymentPostprocessing = 0;
		};
/* End PBXResourcesBuildPhase section */

/* Begin PBXSourcesBuildPhase section */
		BF0C358E1F5C106E00492B8D /* Sources */ = {
			isa = PBXSourcesBuildPhase;
			buildActionMask = 2147483647;
			files = (
				BF0C35981F5C106E00492B8D /* ViewController.swift in Sources */,
				BF0C35961F5C106E00492B8D /* AppDelegate.swift in Sources */,
			);
			runOnlyForDeploymentPostprocessing = 0;
		};
/* End PBXSourcesBuildPhase section */

/* Begin PBXVariantGroup section */
		BF0C35991F5C106E00492B8D /* Main.storyboard */ = {
			isa = PBXVariantGroup;
			children = (
				BF0C359A1F5C106E00492B8D /* Base */,
			);
			name = Main.storyboard;
			sourceTree = "<group>";
		};
		BF0C359E1F5C106E00492B8D /* LaunchScreen.storyboard */ = {
			isa = PBXVariantGroup;
			children = (
				BF0C359F1F5C106E00492B8D /* Base */,
			);
			name = LaunchScreen.storyboard;
			sourceTree = "<group>";
		};
/* End PBXVariantGroup section */

/* Begin XCBuildConfiguration section */
		BF0C35A21F5C106E00492B8D /* Debug */ = {
			isa = XCBuildConfiguration;
			buildSettings = {
				ALWAYS_SEARCH_USER_PATHS = NO;
				CLANG_ANALYZER_NONNULL = YES;
				CLANG_ANALYZER_NUMBER_OBJECT_CONVERSION = YES_AGGRESSIVE;
				CLANG_CXX_LANGUAGE_STANDARD = "gnu++14";
				CLANG_CXX_LIBRARY = "libc++";
				CLANG_ENABLE_MODULES = YES;
				CLANG_ENABLE_OBJC_ARC = YES;
				CLANG_WARN_BLOCK_CAPTURE_AUTORELEASING = YES;
				CLANG_WARN_BOOL_CONVERSION = YES;
				CLANG_WARN_COMMA = YES;
				CLANG_WARN_CONSTANT_CONVERSION = YES;
				CLANG_WARN_DIRECT_OBJC_ISA_USAGE = YES_ERROR;
				CLANG_WARN_DOCUMENTATION_COMMENTS = YES;
				CLANG_WARN_EMPTY_BODY = YES;
				CLANG_WARN_ENUM_CONVERSION = YES;
				CLANG_WARN_INFINITE_RECURSION = YES;
				CLANG_WARN_INT_CONVERSION = YES;
				CLANG_WARN_NON_LITERAL_NULL_CONVERSION = YES;
				CLANG_WARN_OBJC_LITERAL_CONVERSION = YES;
				CLANG_WARN_OBJC_ROOT_CLASS = YES_ERROR;
				CLANG_WARN_RANGE_LOOP_ANALYSIS = YES;
				CLANG_WARN_STRICT_PROTOTYPES = YES;
				CLANG_WARN_SUSPICIOUS_MOVE = YES;
				CLANG_WARN_UNGUARDED_AVAILABILITY = YES_AGGRESSIVE;
				CLANG_WARN_UNREACHABLE_CODE = YES;
				CLANG_WARN__DUPLICATE_METHOD_MATCH = YES;
				CODE_SIGN_IDENTITY = "iPhone Developer";
				COPY_PHASE_STRIP = NO;
				DEBUG_INFORMATION_FORMAT = dwarf;
				ENABLE_STRICT_OBJC_MSGSEND = YES;
				ENABLE_TESTABILITY = YES;
				GCC_C_LANGUAGE_STANDARD = gnu11;
				GCC_DYNAMIC_NO_PIC = NO;
				GCC_NO_COMMON_BLOCKS = YES;
				GCC_OPTIMIZATION_LEVEL = 0;
				GCC_PREPROCESSOR_DEFINITIONS = (
					"DEBUG=1",
					"$(inherited)",
				);
				GCC_WARN_64_TO_32_BIT_CONVERSION = YES;
				GCC_WARN_ABOUT_RETURN_TYPE = YES_ERROR;
				GCC_WARN_UNDECLARED_SELECTOR = YES;
				GCC_WARN_UNINITIALIZED_AUTOS = YES_AGGRESSIVE;
				GCC_WARN_UNUSED_FUNCTION = YES;
				GCC_WARN_UNUSED_VARIABLE = YES;
				IPHONEOS_DEPLOYMENT_TARGET = 11.0;
				MTL_ENABLE_DEBUG_INFO = YES;
				ONLY_ACTIVE_ARCH = YES;
				SDKROOT = iphoneos;
				SWIFT_ACTIVE_COMPILATION_CONDITIONS = DEBUG;
				SWIFT_OPTIMIZATION_LEVEL = "-Onone";
			};
			name = Debug;
		};
		BF0C35A31F5C106E00492B8D /* Release */ = {
			isa = XCBuildConfiguration;
			buildSettings = {
				ALWAYS_SEARCH_USER_PATHS = NO;
				CLANG_ANALYZER_NONNULL = YES;
				CLANG_ANALYZER_NUMBER_OBJECT_CONVERSION = YES_AGGRESSIVE;
				CLANG_CXX_LANGUAGE_STANDARD = "gnu++14";
				CLANG_CXX_LIBRARY = "libc++";
				CLANG_ENABLE_MODULES = YES;
				CLANG_ENABLE_OBJC_ARC = YES;
				CLANG_WARN_BLOCK_CAPTURE_AUTORELEASING = YES;
				CLANG_WARN_BOOL_CONVERSION = YES;
				CLANG_WARN_COMMA = YES;
				CLANG_WARN_CONSTANT_CONVERSION = YES;
				CLANG_WARN_DIRECT_OBJC_ISA_USAGE = YES_ERROR;
				CLANG_WARN_DOCUMENTATION_COMMENTS = YES;
				CLANG_WARN_EMPTY_BODY = YES;
				CLANG_WARN_ENUM_CONVERSION = YES;
				CLANG_WARN_INFINITE_RECURSION = YES;
				CLANG_WARN_INT_CONVERSION = YES;
				CLANG_WARN_NON_LITERAL_NULL_CONVERSION = YES;
				CLANG_WARN_OBJC_LITERAL_CONVERSION = YES;
				CLANG_WARN_OBJC_ROOT_CLASS = YES_ERROR;
				CLANG_WARN_RANGE_LOOP_ANALYSIS = YES;
				CLANG_WARN_STRICT_PROTOTYPES = YES;
				CLANG_WARN_SUSPICIOUS_MOVE = YES;
				CLANG_WARN_UNGUARDED_AVAILABILITY = YES_AGGRESSIVE;
				CLANG_WARN_UNREACHABLE_CODE = YES;
				CLANG_WARN__DUPLICATE_METHOD_MATCH = YES;
				CODE_SIGN_IDENTITY = "iPhone Developer";
				COPY_PHASE_STRIP = NO;
				DEBUG_INFORMATION_FORMAT = "dwarf-with-dsym";
				ENABLE_NS_ASSERTIONS = NO;
				ENABLE_STRICT_OBJC_MSGSEND = YES;
				GCC_C_LANGUAGE_STANDARD = gnu11;
				GCC_NO_COMMON_BLOCKS = YES;
				GCC_WARN_64_TO_32_BIT_CONVERSION = YES;
				GCC_WARN_ABOUT_RETURN_TYPE = YES_ERROR;
				GCC_WARN_UNDECLARED_SELECTOR = YES;
				GCC_WARN_UNINITIALIZED_AUTOS = YES_AGGRESSIVE;
				GCC_WARN_UNUSED_FUNCTION = YES;
				GCC_WARN_UNUSED_VARIABLE = YES;
				IPHONEOS_DEPLOYMENT_TARGET = 11.0;
				MTL_ENABLE_DEBUG_INFO = NO;
				SDKROOT = iphoneos;
				SWIFT_OPTIMIZATION_LEVEL = "-Owholemodule";
				VALIDATE_PRODUCT = YES;
			};
			name = Release;
		};
		BF0C35A51F5C106E00492B8D /* Debug */ = {
			isa = XCBuildConfiguration;
			buildSettings = {
				ASSETCATALOG_COMPILER_APPICON_NAME = AppIcon;
				CODE_SIGN_STYLE = Automatic;
				DEVELOPMENT_TEAM = SNKJD2PY3X;
				INFOPLIST_FILE = SideMenu_and_foldcell/Info.plist;
				LD_RUNPATH_SEARCH_PATHS = "$(inherited) @executable_path/Frameworks";
				PRODUCT_BUNDLE_IDENTIFIER = "Park.SideMenu-and-foldcell";
				PRODUCT_NAME = "$(TARGET_NAME)";
				SWIFT_VERSION = 4.0;
				TARGETED_DEVICE_FAMILY = "1,2";
			};
			name = Debug;
		};
		BF0C35A61F5C106E00492B8D /* Release */ = {
			isa = XCBuildConfiguration;
			buildSettings = {
				ASSETCATALOG_COMPILER_APPICON_NAME = AppIcon;
				CODE_SIGN_STYLE = Automatic;
				DEVELOPMENT_TEAM = SNKJD2PY3X;
				INFOPLIST_FILE = SideMenu_and_foldcell/Info.plist;
				LD_RUNPATH_SEARCH_PATHS = "$(inherited) @executable_path/Frameworks";
				PRODUCT_BUNDLE_IDENTIFIER = "Park.SideMenu-and-foldcell";
				PRODUCT_NAME = "$(TARGET_NAME)";
				SWIFT_VERSION = 4.0;
				TARGETED_DEVICE_FAMILY = "1,2";
			};
			name = Release;
		};
/* End XCBuildConfiguration section */

/* Begin XCConfigurationList section */
		BF0C358D1F5C106E00492B8D /* Build configuration list for PBXProject "SideMenu_and_foldcell" */ = {
			isa = XCConfigurationList;
			buildConfigurations = (
				BF0C35A21F5C106E00492B8D /* Debug */,
				BF0C35A31F5C106E00492B8D /* Release */,
			);
			defaultConfigurationIsVisible = 0;
			defaultConfigurationName = Release;
		};
		BF0C35A41F5C106E00492B8D /* Build configuration list for PBXNativeTarget "SideMenu_and_foldcell" */ = {
			isa = XCConfigurationList;
			buildConfigurations = (
				BF0C35A51F5C106E00492B8D /* Debug */,
				BF0C35A61F5C106E00492B8D /* Release */,
			);
			defaultConfigurationIsVisible = 0;
			defaultConfigurationName = Release;
		};
/* End XCConfigurationList section */
	};
	rootObject = BF0C358A1F5C106E00492B8D /* Project object */;
}
